
Microsoft Visual Studio Solution File, Format Version 12.00
# Visual Studio Version 17
VisualStudioVersion = 17.5.33414.496
MinimumVisualStudioVersion = 10.0.40219.1
Project("{2150E333-8FDC-42A3-9474-1A3956D46DE8}") = "Src", "Src", "{3728B778-E5AB-4328-9280-475BD66A6336}"
EndProject
Project("{2150E333-8FDC-42A3-9474-1A3956D46DE8}") = "Tests", "Tests", "{5284AD33-5118-459E-8008-5E8822848BFC}"
EndProject
Project("{9A19103F-16F7-4668-BE54-9A1E7A4F7556}") = "RectangleService.Api", "Src\RectangleService.Api\RectangleService.Api.csproj", "{DC35D37F-E522-4375-BD2C-E5926363EEB1}"
EndProject
Project("{9A19103F-16F7-4668-BE54-9A1E7A4F7556}") = "RectangleService.Core", "Src\RectangleService.Core\RectangleService.Core.csproj", "{13B3C87B-1B37-493C-98A5-5F47B23C5BF1}"
EndProject
Project("{9A19103F-16F7-4668-BE54-9A1E7A4F7556}") = "RectangleService.Infrastructure", "Src\RectangleService.Infrastructure\RectangleService.Infrastructure.csproj", "{1383D87B-C737-49F1-9E29-A573647D8990}"
EndProject
Project("{FAE04EC0-301F-11D3-BF4B-00C04F79EFBC}") = "RectangleService.Api.Tests", "Tests\RectangleService.Api.Tests\RectangleService.Api.Tests.csproj", "{A60C0CFC-86AA-46B9-9565-08C0F7BDD809}"
EndProject
Project("{FAE04EC0-301F-11D3-BF4B-00C04F79EFBC}") = "RectangleService.Core.Tests", "Tests\RectangleService.Core.Tests\RectangleService.Core.Tests.csproj", "{AC0D8199-AE40-400B-8AF4-A901A0037D41}"
EndProject
Project("{FAE04EC0-301F-11D3-BF4B-00C04F79EFBC}") = "RectangleService.Infrastructure.Tests", "Tests\RectangleService.Infrastructure.Tests\RectangleService.Infrastructure.Tests.csproj", "{E86F9529-095F-432D-8D7C-6DD112CE0605}"
EndProject
Project("{00D1A9C2-B5F0-4AF3-8072-F6C62B433612}") = "RectangleService.DB", "Src\RectangleService.DB\RectangleService.DB.sqlproj", "{DF49BFE2-D3C7-47D1-8500-590B46C0974C}"
EndProject
Global
	GlobalSection(SolutionConfigurationPlatforms) = preSolution
		Debug|Any CPU = Debug|Any CPU
		Release|Any CPU = Release|Any CPU
	EndGlobalSection
	GlobalSection(ProjectConfigurationPlatforms) = postSolution
		{DC35D37F-E522-4375-BD2C-E5926363EEB1}.Debug|Any CPU.ActiveCfg = Debug|Any CPU
		{DC35D37F-E522-4375-BD2C-E5926363EEB1}.Debug|Any CPU.Build.0 = Debug|Any CPU
		{DC35D37F-E522-4375-BD2C-E5926363EEB1}.Release|Any CPU.ActiveCfg = Release|Any CPU
		{DC35D37F-E522-4375-BD2C-E5926363EEB1}.Release|Any CPU.Build.0 = Release|Any CPU
		{13B3C87B-1B37-493C-98A5-5F47B23C5BF1}.Debug|Any CPU.ActiveCfg = Debug|Any CPU
		{13B3C87B-1B37-493C-98A5-5F47B23C5BF1}.Debug|Any CPU.Build.0 = Debug|Any CPU
		{13B3C87B-1B37-493C-98A5-5F47B23C5BF1}.Release|Any CPU.ActiveCfg = Release|Any CPU
		{13B3C87B-1B37-493C-98A5-5F47B23C5BF1}.Release|Any CPU.Build.0 = Release|Any CPU
		{1383D87B-C737-49F1-9E29-A573647D8990}.Debug|Any CPU.ActiveCfg = Debug|Any CPU
		{1383D87B-C737-49F1-9E29-A573647D8990}.Debug|Any CPU.Build.0 = Debug|Any CPU
		{1383D87B-C737-49F1-9E29-A573647D8990}.Release|Any CPU.ActiveCfg = Release|Any CPU
		{1383D87B-C737-49F1-9E29-A573647D8990}.Release|Any CPU.Build.0 = Release|Any CPU
		{A60C0CFC-86AA-46B9-9565-08C0F7BDD809}.Debug|Any CPU.ActiveCfg = Debug|Any CPU
		{A60C0CFC-86AA-46B9-9565-08C0F7BDD809}.Debug|Any CPU.Build.0 = Debug|Any CPU
		{A60C0CFC-86AA-46B9-9565-08C0F7BDD809}.Release|Any CPU.ActiveCfg = Release|Any CPU
		{A60C0CFC-86AA-46B9-9565-08C0F7BDD809}.Release|Any CPU.Build.0 = Release|Any CPU
		{AC0D8199-AE40-400B-8AF4-A901A0037D41}.Debug|Any CPU.ActiveCfg = Debug|Any CPU
		{AC0D8199-AE40-400B-8AF4-A901A0037D41}.Debug|Any CPU.Build.0 = Debug|Any CPU
		{AC0D8199-AE40-400B-8AF4-A901A0037D41}.Release|Any CPU.ActiveCfg = Release|Any CPU
		{AC0D8199-AE40-400B-8AF4-A901A0037D41}.Release|Any CPU.Build.0 = Release|Any CPU
		{E86F9529-095F-432D-8D7C-6DD112CE0605}.Debug|Any CPU.ActiveCfg = Debug|Any CPU
		{E86F9529-095F-432D-8D7C-6DD112CE0605}.Debug|Any CPU.Build.0 = Debug|Any CPU
		{E86F9529-095F-432D-8D7C-6DD112CE0605}.Release|Any CPU.ActiveCfg = Release|Any CPU
		{E86F9529-095F-432D-8D7C-6DD112CE0605}.Release|Any CPU.Build.0 = Release|Any CPU
		{DF49BFE2-D3C7-47D1-8500-590B46C0974C}.Debug|Any CPU.ActiveCfg = Debug|Any CPU
		{DF49BFE2-D3C7-47D1-8500-590B46C0974C}.Debug|Any CPU.Build.0 = Debug|Any CPU
		{DF49BFE2-D3C7-47D1-8500-590B46C0974C}.Debug|Any CPU.Deploy.0 = Debug|Any CPU
		{DF49BFE2-D3C7-47D1-8500-590B46C0974C}.Release|Any CPU.ActiveCfg = Release|Any CPU
		{DF49BFE2-D3C7-47D1-8500-590B46C0974C}.Release|Any CPU.Build.0 = Release|Any CPU
		{DF49BFE2-D3C7-47D1-8500-590B46C0974C}.Release|Any CPU.Deploy.0 = Release|Any CPU
	EndGlobalSection
	GlobalSection(SolutionProperties) = preSolution
		HideSolutionNode = FALSE
	EndGlobalSection
	GlobalSection(NestedProjects) = preSolution
		{DC35D37F-E522-4375-BD2C-E5926363EEB1} = {3728B778-E5AB-4328-9280-475BD66A6336}
		{13B3C87B-1B37-493C-98A5-5F47B23C5BF1} = {3728B778-E5AB-4328-9280-475BD66A6336}
		{1383D87B-C737-49F1-9E29-A573647D8990} = {3728B778-E5AB-4328-9280-475BD66A6336}
		{A60C0CFC-86AA-46B9-9565-08C0F7BDD809} = {5284AD33-5118-459E-8008-5E8822848BFC}
		{AC0D8199-AE40-400B-8AF4-A901A0037D41} = {5284AD33-5118-459E-8008-5E8822848BFC}
		{E86F9529-095F-432D-8D7C-6DD112CE0605} = {5284AD33-5118-459E-8008-5E8822848BFC}
		{DF49BFE2-D3C7-47D1-8500-590B46C0974C} = {3728B778-E5AB-4328-9280-475BD66A6336}
	EndGlobalSection
	GlobalSection(ExtensibilityGlobals) = postSolution
		SolutionGuid = {99331634-0EA7-4873-9EE3-6D7B8EE19B7D}
	EndGlobalSection
	GlobalSection(TeamFoundationVersionControl) = preSolution
		SccNumberOfProjects = 8
		SccEnterpriseProvider = {4CA58AB2-18FA-4F8D-95D4-32DDF27D184C}
		SccTeamFoundationServer = https://dev.azure.com/amendracode
		SccLocalPath0 = .
		SccProjectUniqueName1 = Src\\RectangleService.Api\\RectangleService.Api.csproj
		SccProjectTopLevelParentUniqueName1 = RectangleService.sln
		SccProjectName1 = Src/RectangleService.Api
		SccLocalPath1 = Src\\RectangleService.Api
		SccProjectUniqueName2 = Src\\RectangleService.Core\\RectangleService.Core.csproj
		SccProjectTopLevelParentUniqueName2 = RectangleService.sln
		SccProjectName2 = Src/RectangleService.Core
		SccLocalPath2 = Src\\RectangleService.Core
		SccProjectUniqueName3 = Src\\RectangleService.Infrastructure\\RectangleService.Infrastructure.csproj
		SccProjectTopLevelParentUniqueName3 = RectangleService.sln
		SccProjectName3 = Src/RectangleService.Infrastructure
		SccLocalPath3 = Src\\RectangleService.Infrastructure
		SccProjectUniqueName4 = Tests\\RectangleService.Api.Tests\\RectangleService.Api.Tests.csproj
		SccProjectTopLevelParentUniqueName4 = RectangleService.sln
		SccProjectName4 = Tests/RectangleService.Api.Tests
		SccLocalPath4 = Tests\\RectangleService.Api.Tests
		SccProjectUniqueName5 = Tests\\RectangleService.Core.Tests\\RectangleService.Core.Tests.csproj
		SccProjectTopLevelParentUniqueName5 = RectangleService.sln
		SccProjectName5 = Tests/RectangleService.Core.Tests
		SccLocalPath5 = Tests\\RectangleService.Core.Tests
		SccProjectUniqueName6 = Tests\\RectangleService.Infrastructure.Tests\\RectangleService.Infrastructure.Tests.csproj
		SccProjectTopLevelParentUniqueName6 = RectangleService.sln
		SccProjectName6 = Tests/RectangleService.Infrastructure.Tests
		SccLocalPath6 = Tests\\RectangleService.Infrastructure.Tests
		SccProjectUniqueName7 = Src\\RectangleService.DB\\RectangleService.DB.sqlproj
		SccProjectTopLevelParentUniqueName7 = RectangleService.sln
		SccProjectName7 = Src/RectangleService.DB
		SccLocalPath7 = Src\\RectangleService.DB
	EndGlobalSection
EndGlobal
